<?xml version="1.0" encoding="UTF-8" standalone="yes" ?>
<CodeBlocks_project_file>
	<FileVersion major="1" minor="6" />
	<Project>
		<Option title="Guto_Packman" />
		<Option pch_mode="2" />
		<Option compiler="gcc" />
		<Build>
			<Target title="Debug">
				<Option output="bin\Debug\Guto_Packman" prefix_auto="1" extension_auto="1" />
				<Option working_dir="C:\Dev-Cpp\bin" />
				<Option object_output="obj\Debug\" />
				<Option type="1" />
				<Option compiler="gcc" />
				<Compiler>
					<Add option="-Wall" />
					<Add option="-g" />
				</Compiler>
			</Target>
			<Target title="Release">
				<Option output="bin\Release\Guto_Packman" prefix_auto="1" extension_auto="1" />
				<Option working_dir="C:\Dev-Cpp\bin" />
				<Option object_output="obj\Release\" />
				<Option type="0" />
				<Option compiler="gcc" />
				<Compiler>
					<Add option="-O2" />
				</Compiler>
				<Linker>
					<Add option="-s" />
				</Linker>
			</Target>
		</Build>
		<Compiler>
			<Add option="-Wall" />
			<Add directory="C:\Dev-Cpp\include" />
		</Compiler>
		<Linker>
			<Add library="glut32" />
			<Add library="opengl32" />
			<Add library="glu32" />
			<Add library="winmm" />
			<Add library="gdi32" />
			<Add directory="C:\Dev-Cpp\lib" />
		</Linker>
		<Unit filename="constantes.c">
			<Option compilerVar="CC" />
		</Unit>
		<Unit filename="extern.h" />
		<Unit filename="fantasma.c">
			<Option compilerVar="CC" />
		</Unit>
		<Unit filename="main.cpp" />
		<Unit filename="mapa.c">
			<Option compilerVar="CC" />
		</Unit>
		<Unit filename="metodos.h" />
		<Unit filename="movimento.c">
			<Option compilerVar="CC" />
		</Unit>
		<Unit filename="packman.c">
			<Option compilerVar="CC" />
		</Unit>
		<Unit filename="utilitarios.c">
			<Option compilerVar="CC" />
		</Unit>
		<Extensions>
			<code_completion />
			<envvars />
			<debugger />
		</Extensions>
	</Project>
</CodeBlocks_project_file>
